
Microsoft Visual Studio Solution File, Format Version 12.00
# Visual Studio Version 17
VisualStudioVersion = 17.2.32516.85
MinimumVisualStudioVersion = 10.0.40219.1
Project("{FAE04EC0-301F-11D3-BF4B-00C04F79EFBC}") = "tarkovAmmo", "tarkovAmmo\tarkovAmmo.csproj", "{7819F3DF-48EE-4985-9186-AA81B6C56118}"
EndProject
Global
	GlobalSection(SolutionConfigurationPlatforms) = preSolution
		Debug|Any CPU = Debug|Any CPU
		Release|Any CPU = Release|Any CPU
	EndGlobalSection
	GlobalSection(ProjectConfigurationPlatforms) = postSolution
		{7819F3DF-48EE-4985-9186-AA81B6C56118}.Debug|Any CPU.ActiveCfg = Debug|Any CPU
		{7819F3DF-48EE-4985-9186-AA81B6C56118}.Debug|Any CPU.Build.0 = Debug|Any CPU
		{7819F3DF-48EE-4985-9186-AA81B6C56118}.Release|Any CPU.ActiveCfg = Release|Any CPU
		{7819F3DF-48EE-4985-9186-AA81B6C56118}.Release|Any CPU.Build.0 = Release|Any CPU
	EndGlobalSection
	GlobalSection(SolutionProperties) = preSolution
		HideSolutionNode = FALSE
	EndGlobalSection
	GlobalSection(ExtensibilityGlobals) = postSolution
		SolutionGuid = {150B3684-2EA5-4B75-A66D-13ABA8F5FE13}
	EndGlobalSection
EndGlobal
